<?xml version="1.0" encoding="utf-8"?>
<Project ToolsVersion="4.0" xmlns="http://schemas.microsoft.com/developer/msbuild/2003">
  <ItemGroup>
    <Filter Include="Source Files">
      <UniqueIdentifier>{4FC737F1-C7A5-4376-A066-2A32D752A2FF}</UniqueIdentifier>
      <Extensions>cpp;c;cc;cxx;def;odl;idl;hpj;bat;asm;asmx</Extensions>
    </Filter>
    <Filter Include="Header Files">
      <UniqueIdentifier>{93995380-89BD-4b04-88EB-625FBE52EBFB}</UniqueIdentifier>
      <Extensions>h;hh;hpp;hxx;hm;inl;inc;xsd</Extensions>
    </Filter>
    <Filter Include="Resource Files">
      <UniqueIdentifier>{67DA6AB6-F800-4c08-8B7A-83BB121AAD01}</UniqueIdentifier>
      <Extensions>rc;ico;cur;bmp;dlg;rc2;rct;bin;rgs;gif;jpg;jpeg;jpe;resx;tiff;tif;png;wav;mfcribbon-ms</Extensions>
    </Filter>
  </ItemGroup>
  <ItemGroup>
    <ClCompile Include="Source.cpp">
      <Filter>Source Files</Filter>
    </ClCompile>
    <ClCompile Include="geometry.cpp">
      <Filter>Source Files</Filter>
    </ClCompile>
    <ClCompile Include="resource.cpp">
      <Filter>Source Files</Filter>
    </ClCompile>
    <ClCompile Include="person.cpp">
      <Filter>Source Files</Filter>
    </ClCompile>
    <ClCompile Include="managememory.cpp">
      <Filter>Source Files</Filter>
    </ClCompile>
    <ClCompile Include="countfind.cpp">
      <Filter>Source Files</Filter>
    </ClCompile>
    <ClCompile Include="technology.cpp">
      <Filter>Source Files</Filter>
    </ClCompile>
    <ClCompile Include="component.cpp">
      <Filter>Source Files</Filter>
    </ClCompile>
    <ClCompile Include="test.cpp">
      <Filter>Source Files</Filter>
    </ClCompile>
    <ClCompile Include="uniqueptr.cpp">
      <Filter>Source Files</Filter>
    </ClCompile>
    <ClCompile Include="sharedptr.cpp">
      <Filter>Source Files</Filter>
    </ClCompile>
    <ClCompile Include="a1.cpp">
      <Filter>Source Files</Filter>
    </ClCompile>
    <ClCompile Include="templates.cpp">
      <Filter>Source Files</Filter>
    </ClCompile>
    <ClCompile Include="containers.cpp">
      <Filter>Source Files</Filter>
    </ClCompile>
    <ClCompile Include="algorithms.cpp">
      <Filter>Source Files</Filter>
    </ClCompile>
    <ClCompile Include="streams.cpp">
      <Filter>Source Files</Filter>
    </ClCompile>
    <ClCompile Include="numerics.cpp">
      <Filter>Source Files</Filter>
    </ClCompile>
    <ClCompile Include="optional.cpp">
      <Filter>Source Files</Filter>
    </ClCompile>
    <ClCompile Include="any.cpp">
      <Filter>Source Files</Filter>
    </ClCompile>
    <ClCompile Include="signals2.cpp">
      <Filter>Source Files</Filter>
    </ClCompile>
    <ClCompile Include="sample\application.cpp">
      <Filter>Source Files</Filter>
    </ClCompile>
    <ClCompile Include="sample\library.cpp">
      <Filter>Source Files</Filter>
    </ClCompile>
  </ItemGroup>
  <ItemGroup>
    <ClInclude Include="geometry.h">
      <Filter>Header Files</Filter>
    </ClInclude>
    <ClInclude Include="headers.h">
      <Filter>Header Files</Filter>
    </ClInclude>
    <ClInclude Include="resource.h">
      <Filter>Header Files</Filter>
    </ClInclude>
    <ClInclude Include="person.h">
      <Filter>Header Files</Filter>
    </ClInclude>
    <ClInclude Include="technology.h">
      <Filter>Header Files</Filter>
    </ClInclude>
    <ClInclude Include="address.h">
      <Filter>Header Files</Filter>
    </ClInclude>
    <ClInclude Include="component.h">
      <Filter>Header Files</Filter>
    </ClInclude>
    <ClInclude Include="compfactory.h">
      <Filter>Header Files</Filter>
    </ClInclude>
    <ClInclude Include="sample\library.h">
      <Filter>Header Files</Filter>
    </ClInclude>
  </ItemGroup>
  <ItemGroup>
    <Text Include="birthdayletter.txt">
      <Filter>Source Files</Filter>
    </Text>
    <Text Include="grades.txt" />
  </ItemGroup>
  <ItemGroup>
    <None Include="sample\library.def">
      <Filter>Source Files</Filter>
    </None>
    <None Include="sample\managed.cs" />
  </ItemGroup>
</Project>